dependencies:
- name: kube-state-metrics
  repository: https://prometheus-community.github.io/helm-charts
  version: 5.28.1
- name: opentelemetry-operator
  repository: https://open-telemetry.github.io/opentelemetry-helm-charts
  version: 0.78.2
- name: cert-manager
  repository: https://charts.jetstack.io
  version: v1.16.1
digest: sha256:276ab1fcf94c85a18d6d5162c0d764bcb2dc05efa44cd3581b2e575c0577e168
generated: "2025-02-26T00:55:27.536158+01:00"
