dependencies:
- name: prometheus
  repository: https://prometheus-community.github.io/helm-charts
  version: 19.7.2
- name: prometheus-node-exporter
  repository: https://prometheus-community.github.io/helm-charts
  version: 4.24.0
- name: opencost
  repository: https://opencost.github.io/opencost-helm-chart
  version: 1.26.4
- name: kube-state-metrics
  repository: https://prometheus-community.github.io/helm-charts
  version: 5.15.3
- name: opentelemetry-operator
  repository: https://open-telemetry.github.io/opentelemetry-helm-charts
  version: 0.65.0
digest: sha256:b857dd9e302be424229b4983d167fe34404e5c5cfbc62cbe6c5f130feb51a9a6
generated: "2024-08-02T15:16:10.987941+02:00"
