dependencies:
- name: kube-state-metrics
  repository: https://prometheus-community.github.io/helm-charts
  version: 6.1.0
- name: opentelemetry-operator
  repository: https://open-telemetry.github.io/opentelemetry-helm-charts
  version: 0.93.0
- name: cert-manager
  repository: https://charts.jetstack.io
  version: v1.16.5
digest: sha256:b730d5dc56934282d6615a0e4a43e32316b729d22201db364b1028c8432ebf3b
generated: "2025-10-01T16:35:30.6833549+02:00"
